
Microsoft Visual Studio Solution File, Format Version 12.00
# Visual Studio 15
VisualStudioVersion = 15.0.28307.421
MinimumVisualStudioVersion = 10.0.40219.1
Project("{FAE04EC0-301F-11D3-BF4B-00C04F79EFBC}") = "app.Android", "app\app.Android\app.Android.csproj", "{B98E6FA9-FE93-4788-8400-CF34715E06FC}"
EndProject
Project("{FAE04EC0-301F-11D3-BF4B-00C04F79EFBC}") = "app.iOS", "app\app.iOS\app.iOS.csproj", "{068458AE-544F-415E-8655-73EB70313457}"
EndProject
Project("{FAE04EC0-301F-11D3-BF4B-00C04F79EFBC}") = "app", "app\app\app.csproj", "{2F4E99CA-128F-4FA5-A3BB-7129BEEF31B9}"
EndProject
Global
	GlobalSection(SolutionConfigurationPlatforms) = preSolution
		Ad-Hoc|Any CPU = Ad-Hoc|Any CPU
		Ad-Hoc|iPhone = Ad-Hoc|iPhone
		Ad-Hoc|iPhoneSimulator = Ad-Hoc|iPhoneSimulator
		AppStore|Any CPU = AppStore|Any CPU
		AppStore|iPhone = AppStore|iPhone
		AppStore|iPhoneSimulator = AppStore|iPhoneSimulator
		Debug|Any CPU = Debug|Any CPU
		Debug|iPhone = Debug|iPhone
		Debug|iPhoneSimulator = Debug|iPhoneSimulator
		Release|Any CPU = Release|Any CPU
		Release|iPhone = Release|iPhone
		Release|iPhoneSimulator = Release|iPhoneSimulator
	EndGlobalSection
	GlobalSection(ProjectConfigurationPlatforms) = postSolution
		{B98E6FA9-FE93-4788-8400-CF34715E06FC}.Ad-Hoc|Any CPU.ActiveCfg = Release|Any CPU
		{B98E6FA9-FE93-4788-8400-CF34715E06FC}.Ad-Hoc|Any CPU.Build.0 = Release|Any CPU
		{B98E6FA9-FE93-4788-8400-CF34715E06FC}.Ad-Hoc|Any CPU.Deploy.0 = Release|Any CPU
		{B98E6FA9-FE93-4788-8400-CF34715E06FC}.Ad-Hoc|iPhone.ActiveCfg = Release|Any CPU
		{B98E6FA9-FE93-4788-8400-CF34715E06FC}.Ad-Hoc|iPhone.Build.0 = Release|Any CPU
		{B98E6FA9-FE93-4788-8400-CF34715E06FC}.Ad-Hoc|iPhone.Deploy.0 = Release|Any CPU
		{B98E6FA9-FE93-4788-8400-CF34715E06FC}.Ad-Hoc|iPhoneSimulator.ActiveCfg = Release|Any CPU
		{B98E6FA9-FE93-4788-8400-CF34715E06FC}.Ad-Hoc|iPhoneSimulator.Build.0 = Release|Any CPU
		{B98E6FA9-FE93-4788-8400-CF34715E06FC}.Ad-Hoc|iPhoneSimulator.Deploy.0 = Release|Any CPU
		{B98E6FA9-FE93-4788-8400-CF34715E06FC}.AppStore|Any CPU.ActiveCfg = Release|Any CPU
		{B98E6FA9-FE93-4788-8400-CF34715E06FC}.AppStore|Any CPU.Build.0 = Release|Any CPU
		{B98E6FA9-FE93-4788-8400-CF34715E06FC}.AppStore|Any CPU.Deploy.0 = Release|Any CPU
		{B98E6FA9-FE93-4788-8400-CF34715E06FC}.AppStore|iPhone.ActiveCfg = Release|Any CPU
		{B98E6FA9-FE93-4788-8400-CF34715E06FC}.AppStore|iPhone.Build.0 = Release|Any CPU
		{B98E6FA9-FE93-4788-8400-CF34715E06FC}.AppStore|iPhone.Deploy.0 = Release|Any CPU
		{B98E6FA9-FE93-4788-8400-CF34715E06FC}.AppStore|iPhoneSimulator.ActiveCfg = Release|Any CPU
		{B98E6FA9-FE93-4788-8400-CF34715E06FC}.AppStore|iPhoneSimulator.Build.0 = Release|Any CPU
		{B98E6FA9-FE93-4788-8400-CF34715E06FC}.AppStore|iPhoneSimulator.Deploy.0 = Release|Any CPU
		{B98E6FA9-FE93-4788-8400-CF34715E06FC}.Debug|Any CPU.ActiveCfg = Debug|Any CPU
		{B98E6FA9-FE93-4788-8400-CF34715E06FC}.Debug|Any CPU.Build.0 = Debug|Any CPU
		{B98E6FA9-FE93-4788-8400-CF34715E06FC}.Debug|Any CPU.Deploy.0 = Debug|Any CPU
		{B98E6FA9-FE93-4788-8400-CF34715E06FC}.Debug|iPhone.ActiveCfg = Debug|Any CPU
		{B98E6FA9-FE93-4788-8400-CF34715E06FC}.Debug|iPhone.Build.0 = Debug|Any CPU
		{B98E6FA9-FE93-4788-8400-CF34715E06FC}.Debug|iPhone.Deploy.0 = Debug|Any CPU
		{B98E6FA9-FE93-4788-8400-CF34715E06FC}.Debug|iPhoneSimulator.ActiveCfg = Debug|Any CPU
		{B98E6FA9-FE93-4788-8400-CF34715E06FC}.Debug|iPhoneSimulator.Build.0 = Debug|Any CPU
		{B98E6FA9-FE93-4788-8400-CF34715E06FC}.Debug|iPhoneSimulator.Deploy.0 = Debug|Any CPU
		{B98E6FA9-FE93-4788-8400-CF34715E06FC}.Release|Any CPU.ActiveCfg = Release|Any CPU
		{B98E6FA9-FE93-4788-8400-CF34715E06FC}.Release|Any CPU.Build.0 = Release|Any CPU
		{B98E6FA9-FE93-4788-8400-CF34715E06FC}.Release|Any CPU.Deploy.0 = Release|Any CPU
		{B98E6FA9-FE93-4788-8400-CF34715E06FC}.Release|iPhone.ActiveCfg = Release|Any CPU
		{B98E6FA9-FE93-4788-8400-CF34715E06FC}.Release|iPhone.Build.0 = Release|Any CPU
		{B98E6FA9-FE93-4788-8400-CF34715E06FC}.Release|iPhone.Deploy.0 = Release|Any CPU
		{B98E6FA9-FE93-4788-8400-CF34715E06FC}.Release|iPhoneSimulator.ActiveCfg = Release|Any CPU
		{B98E6FA9-FE93-4788-8400-CF34715E06FC}.Release|iPhoneSimulator.Build.0 = Release|Any CPU
		{B98E6FA9-FE93-4788-8400-CF34715E06FC}.Release|iPhoneSimulator.Deploy.0 = Release|Any CPU
		{068458AE-544F-415E-8655-73EB70313457}.Ad-Hoc|Any CPU.ActiveCfg = Ad-Hoc|iPhone
		{068458AE-544F-415E-8655-73EB70313457}.Ad-Hoc|Any CPU.Build.0 = Ad-Hoc|iPhone
		{068458AE-544F-415E-8655-73EB70313457}.Ad-Hoc|Any CPU.Deploy.0 = Ad-Hoc|iPhone
		{068458AE-544F-415E-8655-73EB70313457}.Ad-Hoc|iPhone.ActiveCfg = Ad-Hoc|iPhone
		{068458AE-544F-415E-8655-73EB70313457}.Ad-Hoc|iPhone.Build.0 = Ad-Hoc|iPhone
		{068458AE-544F-415E-8655-73EB70313457}.Ad-Hoc|iPhone.Deploy.0 = Ad-Hoc|iPhone
		{068458AE-544F-415E-8655-73EB70313457}.Ad-Hoc|iPhoneSimulator.ActiveCfg = Ad-Hoc|iPhoneSimulator
		{068458AE-544F-415E-8655-73EB70313457}.Ad-Hoc|iPhoneSimulator.Build.0 = Ad-Hoc|iPhoneSimulator
		{068458AE-544F-415E-8655-73EB70313457}.Ad-Hoc|iPhoneSimulator.Deploy.0 = Ad-Hoc|iPhoneSimulator
		{068458AE-544F-415E-8655-73EB70313457}.AppStore|Any CPU.ActiveCfg = AppStore|iPhone
		{068458AE-544F-415E-8655-73EB70313457}.AppStore|Any CPU.Build.0 = AppStore|iPhone
		{068458AE-544F-415E-8655-73EB70313457}.AppStore|Any CPU.Deploy.0 = AppStore|iPhone
		{068458AE-544F-415E-8655-73EB70313457}.AppStore|iPhone.ActiveCfg = AppStore|iPhone
		{068458AE-544F-415E-8655-73EB70313457}.AppStore|iPhone.Build.0 = AppStore|iPhone
		{068458AE-544F-415E-8655-73EB70313457}.AppStore|iPhone.Deploy.0 = AppStore|iPhone
		{068458AE-544F-415E-8655-73EB70313457}.AppStore|iPhoneSimulator.ActiveCfg = AppStore|iPhoneSimulator
		{068458AE-544F-415E-8655-73EB70313457}.AppStore|iPhoneSimulator.Build.0 = AppStore|iPhoneSimulator
		{068458AE-544F-415E-8655-73EB70313457}.AppStore|iPhoneSimulator.Deploy.0 = AppStore|iPhoneSimulator
		{068458AE-544F-415E-8655-73EB70313457}.Debug|Any CPU.ActiveCfg = Debug|iPhoneSimulator
		{068458AE-544F-415E-8655-73EB70313457}.Debug|Any CPU.Build.0 = Debug|iPhoneSimulator
		{068458AE-544F-415E-8655-73EB70313457}.Debug|Any CPU.Deploy.0 = Debug|iPhoneSimulator
		{068458AE-544F-415E-8655-73EB70313457}.Debug|iPhone.ActiveCfg = Debug|iPhone
		{068458AE-544F-415E-8655-73EB70313457}.Debug|iPhone.Build.0 = Debug|iPhone
		{068458AE-544F-415E-8655-73EB70313457}.Debug|iPhone.Deploy.0 = Debug|iPhone
		{068458AE-544F-415E-8655-73EB70313457}.Debug|iPhoneSimulator.ActiveCfg = Debug|iPhoneSimulator
		{068458AE-544F-415E-8655-73EB70313457}.Debug|iPhoneSimulator.Build.0 = Debug|iPhoneSimulator
		{068458AE-544F-415E-8655-73EB70313457}.Debug|iPhoneSimulator.Deploy.0 = Debug|iPhoneSimulator
		{068458AE-544F-415E-8655-73EB70313457}.Release|Any CPU.ActiveCfg = Release|iPhone
		{068458AE-544F-415E-8655-73EB70313457}.Release|Any CPU.Build.0 = Release|iPhone
		{068458AE-544F-415E-8655-73EB70313457}.Release|Any CPU.Deploy.0 = Release|iPhone
		{068458AE-544F-415E-8655-73EB70313457}.Release|iPhone.ActiveCfg = Release|iPhone
		{068458AE-544F-415E-8655-73EB70313457}.Release|iPhone.Build.0 = Release|iPhone
		{068458AE-544F-415E-8655-73EB70313457}.Release|iPhone.Deploy.0 = Release|iPhone
		{068458AE-544F-415E-8655-73EB70313457}.Release|iPhoneSimulator.ActiveCfg = Release|iPhoneSimulator
		{068458AE-544F-415E-8655-73EB70313457}.Release|iPhoneSimulator.Build.0 = Release|iPhoneSimulator
		{068458AE-544F-415E-8655-73EB70313457}.Release|iPhoneSimulator.Deploy.0 = Release|iPhoneSimulator
		{2F4E99CA-128F-4FA5-A3BB-7129BEEF31B9}.Ad-Hoc|Any CPU.ActiveCfg = Debug|Any CPU
		{2F4E99CA-128F-4FA5-A3BB-7129BEEF31B9}.Ad-Hoc|Any CPU.Build.0 = Debug|Any CPU
		{2F4E99CA-128F-4FA5-A3BB-7129BEEF31B9}.Ad-Hoc|Any CPU.Deploy.0 = Debug|Any CPU
		{2F4E99CA-128F-4FA5-A3BB-7129BEEF31B9}.Ad-Hoc|iPhone.ActiveCfg = Debug|Any CPU
		{2F4E99CA-128F-4FA5-A3BB-7129BEEF31B9}.Ad-Hoc|iPhone.Build.0 = Debug|Any CPU
		{2F4E99CA-128F-4FA5-A3BB-7129BEEF31B9}.Ad-Hoc|iPhone.Deploy.0 = Debug|Any CPU
		{2F4E99CA-128F-4FA5-A3BB-7129BEEF31B9}.Ad-Hoc|iPhoneSimulator.ActiveCfg = Debug|Any CPU
		{2F4E99CA-128F-4FA5-A3BB-7129BEEF31B9}.Ad-Hoc|iPhoneSimulator.Build.0 = Debug|Any CPU
		{2F4E99CA-128F-4FA5-A3BB-7129BEEF31B9}.Ad-Hoc|iPhoneSimulator.Deploy.0 = Debug|Any CPU
		{2F4E99CA-128F-4FA5-A3BB-7129BEEF31B9}.AppStore|Any CPU.ActiveCfg = Debug|Any CPU
		{2F4E99CA-128F-4FA5-A3BB-7129BEEF31B9}.AppStore|Any CPU.Build.0 = Debug|Any CPU
		{2F4E99CA-128F-4FA5-A3BB-7129BEEF31B9}.AppStore|Any CPU.Deploy.0 = Debug|Any CPU
		{2F4E99CA-128F-4FA5-A3BB-7129BEEF31B9}.AppStore|iPhone.ActiveCfg = Debug|Any CPU
		{2F4E99CA-128F-4FA5-A3BB-7129BEEF31B9}.AppStore|iPhone.Build.0 = Debug|Any CPU
		{2F4E99CA-128F-4FA5-A3BB-7129BEEF31B9}.AppStore|iPhone.Deploy.0 = Debug|Any CPU
		{2F4E99CA-128F-4FA5-A3BB-7129BEEF31B9}.AppStore|iPhoneSimulator.ActiveCfg = Debug|Any CPU
		{2F4E99CA-128F-4FA5-A3BB-7129BEEF31B9}.AppStore|iPhoneSimulator.Build.0 = Debug|Any CPU
		{2F4E99CA-128F-4FA5-A3BB-7129BEEF31B9}.AppStore|iPhoneSimulator.Deploy.0 = Debug|Any CPU
		{2F4E99CA-128F-4FA5-A3BB-7129BEEF31B9}.Debug|Any CPU.ActiveCfg = Debug|Any CPU
		{2F4E99CA-128F-4FA5-A3BB-7129BEEF31B9}.Debug|Any CPU.Build.0 = Debug|Any CPU
		{2F4E99CA-128F-4FA5-A3BB-7129BEEF31B9}.Debug|Any CPU.Deploy.0 = Debug|Any CPU
		{2F4E99CA-128F-4FA5-A3BB-7129BEEF31B9}.Debug|iPhone.ActiveCfg = Debug|Any CPU
		{2F4E99CA-128F-4FA5-A3BB-7129BEEF31B9}.Debug|iPhone.Build.0 = Debug|Any CPU
		{2F4E99CA-128F-4FA5-A3BB-7129BEEF31B9}.Debug|iPhone.Deploy.0 = Debug|Any CPU
		{2F4E99CA-128F-4FA5-A3BB-7129BEEF31B9}.Debug|iPhoneSimulator.ActiveCfg = Debug|Any CPU
		{2F4E99CA-128F-4FA5-A3BB-7129BEEF31B9}.Debug|iPhoneSimulator.Build.0 = Debug|Any CPU
		{2F4E99CA-128F-4FA5-A3BB-7129BEEF31B9}.Debug|iPhoneSimulator.Deploy.0 = Debug|Any CPU
		{2F4E99CA-128F-4FA5-A3BB-7129BEEF31B9}.Release|Any CPU.ActiveCfg = Release|Any CPU
		{2F4E99CA-128F-4FA5-A3BB-7129BEEF31B9}.Release|Any CPU.Build.0 = Release|Any CPU
		{2F4E99CA-128F-4FA5-A3BB-7129BEEF31B9}.Release|Any CPU.Deploy.0 = Release|Any CPU
		{2F4E99CA-128F-4FA5-A3BB-7129BEEF31B9}.Release|iPhone.ActiveCfg = Release|Any CPU
		{2F4E99CA-128F-4FA5-A3BB-7129BEEF31B9}.Release|iPhone.Build.0 = Release|Any CPU
		{2F4E99CA-128F-4FA5-A3BB-7129BEEF31B9}.Release|iPhone.Deploy.0 = Release|Any CPU
		{2F4E99CA-128F-4FA5-A3BB-7129BEEF31B9}.Release|iPhoneSimulator.ActiveCfg = Release|Any CPU
		{2F4E99CA-128F-4FA5-A3BB-7129BEEF31B9}.Release|iPhoneSimulator.Build.0 = Release|Any CPU
		{2F4E99CA-128F-4FA5-A3BB-7129BEEF31B9}.Release|iPhoneSimulator.Deploy.0 = Release|Any CPU
	EndGlobalSection
	GlobalSection(SolutionProperties) = preSolution
		HideSolutionNode = FALSE
	EndGlobalSection
	GlobalSection(ExtensibilityGlobals) = postSolution
		SolutionGuid = {D5599806-DF74-4119-B1AE-29E1075B508C}
	EndGlobalSection
EndGlobal
